
Microsoft Visual Studio Solution File, Format Version 12.00
# Visual Studio Version 16
VisualStudioVersion = 16.0.31205.134
MinimumVisualStudioVersion = 10.0.40219.1
Project("{8BC9CEB8-8B4A-11D0-8D11-00A0C91BC942}") = "Client", "Client\Client.vcxproj", "{6E9FB96E-1C99-4794-88CB-1B48C491CC7F}"
EndProject
Project("{8BC9CEB8-8B4A-11D0-8D11-00A0C91BC942}") = "Server", "Server\Server.vcxproj", "{514DE609-D8BD-4FB9-8B3D-B4EF86DCAA73}"
EndProject
Project("{8BC9CEB8-8B4A-11D0-8D11-00A0C91BC942}") = "Common", "Common\Common.vcxproj", "{5082C159-6A88-4702-8CA2-F519B43EC1C4}"
EndProject
Project("{8BC9CEB8-8B4A-11D0-8D11-00A0C91BC942}") = "Replicator", "Replicator\Replicator.vcxproj", "{2B2FA387-5861-4F66-8AAD-D4D7B7644D4D}"
EndProject
Project("{8BC9CEB8-8B4A-11D0-8D11-00A0C91BC942}") = "ClientCopy", "ClientCopy\ClientCopy.vcxproj", "{EB0F5BB6-4E6A-4E0A-A5B6-CB9C273A36E7}"
EndProject
Global
	GlobalSection(SolutionConfigurationPlatforms) = preSolution
		Debug|x64 = Debug|x64
		Debug|x86 = Debug|x86
		Release|x64 = Release|x64
		Release|x86 = Release|x86
	EndGlobalSection
	GlobalSection(ProjectConfigurationPlatforms) = postSolution
		{6E9FB96E-1C99-4794-88CB-1B48C491CC7F}.Debug|x64.ActiveCfg = Debug|x64
		{6E9FB96E-1C99-4794-88CB-1B48C491CC7F}.Debug|x64.Build.0 = Debug|x64
		{6E9FB96E-1C99-4794-88CB-1B48C491CC7F}.Debug|x86.ActiveCfg = Debug|Win32
		{6E9FB96E-1C99-4794-88CB-1B48C491CC7F}.Debug|x86.Build.0 = Debug|Win32
		{6E9FB96E-1C99-4794-88CB-1B48C491CC7F}.Release|x64.ActiveCfg = Release|x64
		{6E9FB96E-1C99-4794-88CB-1B48C491CC7F}.Release|x64.Build.0 = Release|x64
		{6E9FB96E-1C99-4794-88CB-1B48C491CC7F}.Release|x86.ActiveCfg = Release|Win32
		{6E9FB96E-1C99-4794-88CB-1B48C491CC7F}.Release|x86.Build.0 = Release|Win32
		{514DE609-D8BD-4FB9-8B3D-B4EF86DCAA73}.Debug|x64.ActiveCfg = Debug|x64
		{514DE609-D8BD-4FB9-8B3D-B4EF86DCAA73}.Debug|x64.Build.0 = Debug|x64
		{514DE609-D8BD-4FB9-8B3D-B4EF86DCAA73}.Debug|x86.ActiveCfg = Debug|Win32
		{514DE609-D8BD-4FB9-8B3D-B4EF86DCAA73}.Debug|x86.Build.0 = Debug|Win32
		{514DE609-D8BD-4FB9-8B3D-B4EF86DCAA73}.Release|x64.ActiveCfg = Release|x64
		{514DE609-D8BD-4FB9-8B3D-B4EF86DCAA73}.Release|x64.Build.0 = Release|x64
		{514DE609-D8BD-4FB9-8B3D-B4EF86DCAA73}.Release|x86.ActiveCfg = Release|Win32
		{514DE609-D8BD-4FB9-8B3D-B4EF86DCAA73}.Release|x86.Build.0 = Release|Win32
		{5082C159-6A88-4702-8CA2-F519B43EC1C4}.Debug|x64.ActiveCfg = Debug|x64
		{5082C159-6A88-4702-8CA2-F519B43EC1C4}.Debug|x64.Build.0 = Debug|x64
		{5082C159-6A88-4702-8CA2-F519B43EC1C4}.Debug|x86.ActiveCfg = Debug|Win32
		{5082C159-6A88-4702-8CA2-F519B43EC1C4}.Debug|x86.Build.0 = Debug|Win32
		{5082C159-6A88-4702-8CA2-F519B43EC1C4}.Release|x64.ActiveCfg = Release|x64
		{5082C159-6A88-4702-8CA2-F519B43EC1C4}.Release|x64.Build.0 = Release|x64
		{5082C159-6A88-4702-8CA2-F519B43EC1C4}.Release|x86.ActiveCfg = Release|Win32
		{5082C159-6A88-4702-8CA2-F519B43EC1C4}.Release|x86.Build.0 = Release|Win32
		{2B2FA387-5861-4F66-8AAD-D4D7B7644D4D}.Debug|x64.ActiveCfg = Debug|x64
		{2B2FA387-5861-4F66-8AAD-D4D7B7644D4D}.Debug|x64.Build.0 = Debug|x64
		{2B2FA387-5861-4F66-8AAD-D4D7B7644D4D}.Debug|x86.ActiveCfg = Debug|Win32
		{2B2FA387-5861-4F66-8AAD-D4D7B7644D4D}.Debug|x86.Build.0 = Debug|Win32
		{2B2FA387-5861-4F66-8AAD-D4D7B7644D4D}.Release|x64.ActiveCfg = Release|x64
		{2B2FA387-5861-4F66-8AAD-D4D7B7644D4D}.Release|x64.Build.0 = Release|x64
		{2B2FA387-5861-4F66-8AAD-D4D7B7644D4D}.Release|x86.ActiveCfg = Release|Win32
		{2B2FA387-5861-4F66-8AAD-D4D7B7644D4D}.Release|x86.Build.0 = Release|Win32
		{EB0F5BB6-4E6A-4E0A-A5B6-CB9C273A36E7}.Debug|x64.ActiveCfg = Debug|x64
		{EB0F5BB6-4E6A-4E0A-A5B6-CB9C273A36E7}.Debug|x64.Build.0 = Debug|x64
		{EB0F5BB6-4E6A-4E0A-A5B6-CB9C273A36E7}.Debug|x86.ActiveCfg = Debug|Win32
		{EB0F5BB6-4E6A-4E0A-A5B6-CB9C273A36E7}.Debug|x86.Build.0 = Debug|Win32
		{EB0F5BB6-4E6A-4E0A-A5B6-CB9C273A36E7}.Release|x64.ActiveCfg = Release|x64
		{EB0F5BB6-4E6A-4E0A-A5B6-CB9C273A36E7}.Release|x64.Build.0 = Release|x64
		{EB0F5BB6-4E6A-4E0A-A5B6-CB9C273A36E7}.Release|x86.ActiveCfg = Release|Win32
		{EB0F5BB6-4E6A-4E0A-A5B6-CB9C273A36E7}.Release|x86.Build.0 = Release|Win32
	EndGlobalSection
	GlobalSection(SolutionProperties) = preSolution
		HideSolutionNode = FALSE
	EndGlobalSection
	GlobalSection(ExtensibilityGlobals) = postSolution
		SolutionGuid = {138420EE-DFA6-474A-B249-96024EED5DE3}
	EndGlobalSection
EndGlobal
